
Microsoft Visual Studio Solution File, Format Version 12.00
# Visual Studio Version 17
VisualStudioVersion = 17.1.32210.238
MinimumVisualStudioVersion = 10.0.40219.1
Project("{9A19103F-16F7-4668-BE54-9A1E7A4F7556}") = "AmethystWindows", "AmethystWindows.csproj", "{EAA1FB9B-8A29-4270-B6E7-E89A458A11F9}"
EndProject
Project("{C7167F0D-BC9F-4E6E-AFE1-012C56B48DB5}") = "AmethystWindowsPacakging", "..\AmethystWindowsPacakging\AmethystWindowsPacakging.wapproj", "{40D13901-39F3-4393-8CEE-A721C93F16BA}"
	ProjectSection(ProjectDependencies) = postProject
		{EAA1FB9B-8A29-4270-B6E7-E89A458A11F9} = {EAA1FB9B-8A29-4270-B6E7-E89A458A11F9}
	EndProjectSection
EndProject
Project("{54435603-DBB4-11D2-8724-00A0C9A8B90C}") = "AmethystWindowsSetup_x86", "..\AmethystWindowsSetup_x86\AmethystWindowsSetup_x86.vdproj", "{3278E874-43B8-4B46-B409-4D8498760F39}"
EndProject
Project("{54435603-DBB4-11D2-8724-00A0C9A8B90C}") = "AmethystWindowsSetup_x64", "..\AmethystWindowsSetup_x64\AmethystWindowsSetup_x64.vdproj", "{17B0D5BC-912E-433E-9B84-73C7A66A931D}"
EndProject
Global
	GlobalSection(SolutionConfigurationPlatforms) = preSolution
		Debug|Any CPU = Debug|Any CPU
		Debug|x64 = Debug|x64
		Debug|x86 = Debug|x86
		Release|Any CPU = Release|Any CPU
		Release|x64 = Release|x64
		Release|x86 = Release|x86
	EndGlobalSection
	GlobalSection(ProjectConfigurationPlatforms) = postSolution
		{EAA1FB9B-8A29-4270-B6E7-E89A458A11F9}.Debug|Any CPU.ActiveCfg = Debug|Any CPU
		{EAA1FB9B-8A29-4270-B6E7-E89A458A11F9}.Debug|Any CPU.Build.0 = Debug|Any CPU
		{EAA1FB9B-8A29-4270-B6E7-E89A458A11F9}.Debug|x64.ActiveCfg = Debug|x64
		{EAA1FB9B-8A29-4270-B6E7-E89A458A11F9}.Debug|x64.Build.0 = Debug|x64
		{EAA1FB9B-8A29-4270-B6E7-E89A458A11F9}.Debug|x86.ActiveCfg = Debug|x86
		{EAA1FB9B-8A29-4270-B6E7-E89A458A11F9}.Debug|x86.Build.0 = Debug|x86
		{EAA1FB9B-8A29-4270-B6E7-E89A458A11F9}.Release|Any CPU.ActiveCfg = Release|Any CPU
		{EAA1FB9B-8A29-4270-B6E7-E89A458A11F9}.Release|Any CPU.Build.0 = Release|Any CPU
		{EAA1FB9B-8A29-4270-B6E7-E89A458A11F9}.Release|x64.ActiveCfg = Release|x64
		{EAA1FB9B-8A29-4270-B6E7-E89A458A11F9}.Release|x64.Build.0 = Release|x64
		{EAA1FB9B-8A29-4270-B6E7-E89A458A11F9}.Release|x86.ActiveCfg = Release|x86
		{EAA1FB9B-8A29-4270-B6E7-E89A458A11F9}.Release|x86.Build.0 = Release|x86
		{40D13901-39F3-4393-8CEE-A721C93F16BA}.Debug|Any CPU.ActiveCfg = Debug|Any CPU
		{40D13901-39F3-4393-8CEE-A721C93F16BA}.Debug|Any CPU.Build.0 = Debug|Any CPU
		{40D13901-39F3-4393-8CEE-A721C93F16BA}.Debug|Any CPU.Deploy.0 = Debug|Any CPU
		{40D13901-39F3-4393-8CEE-A721C93F16BA}.Debug|x64.ActiveCfg = Debug|x64
		{40D13901-39F3-4393-8CEE-A721C93F16BA}.Debug|x64.Build.0 = Debug|x64
		{40D13901-39F3-4393-8CEE-A721C93F16BA}.Debug|x64.Deploy.0 = Debug|x64
		{40D13901-39F3-4393-8CEE-A721C93F16BA}.Debug|x86.ActiveCfg = Debug|x86
		{40D13901-39F3-4393-8CEE-A721C93F16BA}.Debug|x86.Build.0 = Debug|x86
		{40D13901-39F3-4393-8CEE-A721C93F16BA}.Debug|x86.Deploy.0 = Debug|x86
		{40D13901-39F3-4393-8CEE-A721C93F16BA}.Release|Any CPU.ActiveCfg = Release|Any CPU
		{40D13901-39F3-4393-8CEE-A721C93F16BA}.Release|Any CPU.Build.0 = Release|Any CPU
		{40D13901-39F3-4393-8CEE-A721C93F16BA}.Release|Any CPU.Deploy.0 = Release|Any CPU
		{40D13901-39F3-4393-8CEE-A721C93F16BA}.Release|x64.ActiveCfg = Release|x64
		{40D13901-39F3-4393-8CEE-A721C93F16BA}.Release|x64.Build.0 = Release|x64
		{40D13901-39F3-4393-8CEE-A721C93F16BA}.Release|x64.Deploy.0 = Release|x64
		{40D13901-39F3-4393-8CEE-A721C93F16BA}.Release|x86.ActiveCfg = Release|x86
		{40D13901-39F3-4393-8CEE-A721C93F16BA}.Release|x86.Build.0 = Release|x86
		{40D13901-39F3-4393-8CEE-A721C93F16BA}.Release|x86.Deploy.0 = Release|x86
		{3278E874-43B8-4B46-B409-4D8498760F39}.Debug|Any CPU.ActiveCfg = Debug
		{3278E874-43B8-4B46-B409-4D8498760F39}.Debug|x64.ActiveCfg = Debug
		{3278E874-43B8-4B46-B409-4D8498760F39}.Debug|x86.ActiveCfg = Debug
		{3278E874-43B8-4B46-B409-4D8498760F39}.Release|Any CPU.ActiveCfg = Release
		{3278E874-43B8-4B46-B409-4D8498760F39}.Release|x64.ActiveCfg = Release
		{3278E874-43B8-4B46-B409-4D8498760F39}.Release|x86.ActiveCfg = Release
		{17B0D5BC-912E-433E-9B84-73C7A66A931D}.Debug|Any CPU.ActiveCfg = Debug
		{17B0D5BC-912E-433E-9B84-73C7A66A931D}.Debug|x64.ActiveCfg = Debug
		{17B0D5BC-912E-433E-9B84-73C7A66A931D}.Debug|x86.ActiveCfg = Debug
		{17B0D5BC-912E-433E-9B84-73C7A66A931D}.Release|Any CPU.ActiveCfg = Release
		{17B0D5BC-912E-433E-9B84-73C7A66A931D}.Release|x64.ActiveCfg = Release
		{17B0D5BC-912E-433E-9B84-73C7A66A931D}.Release|x86.ActiveCfg = Release
	EndGlobalSection
	GlobalSection(SolutionProperties) = preSolution
		HideSolutionNode = FALSE
	EndGlobalSection
	GlobalSection(ExtensibilityGlobals) = postSolution
		SolutionGuid = {09831895-015A-45B7-AA29-9039A41E8D20}
	EndGlobalSection
EndGlobal
